# This file is automatically @generated by Cargo.
# It is not intended for manual editing.
version = 4

[[package]]
name = "proc-macro2"
version = "1.0.106"
source = "registry+https://github.com/rust-lang/crates.io-index"
checksum = "8fd00f0bb2e90d81d1044c2b32617f68fcb9fa3bb7640c23e9c748e53fb30934"
dependencies = [
 "unicode-ident",
]

[[package]]
name = "quote"
version = "1.0.46"
source = "registry+https://github.com/rust-lang/crates.io-index"
checksum = "dfbc457d0c7a0759a614551b11a6409e5951f6c7537be1f1b7682b9ae9230368"
dependencies = [
 "proc-macro2",
]

[[package]]
name = "syn"
version = "2.0.119"
source = "registry+https://github.com/rust-lang/crates.io-index"
checksum = "872831b642d1a07999a962a351ed35b955ea2cfc8f3862091e2a240a84f17297"
dependencies = [
 "proc-macro2",
 "quote",
 "unicode-ident",
]

[[package]]
name = "synstructure"
version = "0.13.2"
source = "registry+https://github.com/rust-lang/crates.io-index"
checksum = "728a70f3dbaf5bab7f0c4b1ac8d7ae5ea60a4b5549c8a5914361c99147a709d2"
dependencies = [
 "proc-macro2",
 "quote",
 "syn",
]

[[package]]
name = "unicode-ident"
version = "1.0.24"
source = "registry+https://github.com/rust-lang/crates.io-index"
checksum = "e6e4313cd5fcd3dad5cafa179702e2b244f760991f45397d14d4ebf38247da75"

[[package]]
name = "verified-microkernel"
version = "0.1.0"
dependencies = [
 "verus_builtin",
 "verus_builtin_macros",
]

[[package]]
name = "verus_builtin"
version = "0.0.0-2026-05-17-0151"
source = "registry+https://github.com/rust-lang/crates.io-index"
checksum = "cab9266bfb5cf45a080f425c560b0e0be2bf81194f0e80258990c49c1829d8b9"

[[package]]
name = "verus_builtin_macros"
version = "0.0.0-2026-07-12-0122"
source = "registry+https://github.com/rust-lang/crates.io-index"
checksum = "3fb60e3a141ababe618fbdb759f14aa8544f6346a98a44c1e3a7dbe20b1f2892"
dependencies = [
 "proc-macro2",
 "quote",
 "syn",
 "synstructure",
 "verus_prettyplease",
 "verus_syn",
]

[[package]]
name = "verus_prettyplease"
version = "0.0.0-2026-05-31-0205"
source = "registry+https://github.com/rust-lang/crates.io-index"
checksum = "3ffdc94c89109a67c59646f6b6e71b49de394020f45294247dd716470523245b"
dependencies = [
 "proc-macro2",
 "verus_syn",
]

[[package]]
name = "verus_syn"
version = "0.0.0-2026-05-31-0205"
source = "registry+https://github.com/rust-lang/crates.io-index"
checksum = "030b774330d5ec618691c2cd6fba8bbb13bd538f3884a1143450baec25749706"
dependencies = [
 "proc-macro2",
 "quote",
 "unicode-ident",
]
